
Microsoft Visual Studio Solution File, Format Version 12.00
# Visual Studio Version 17
VisualStudioVersion = 17.13.35806.99 d17.13
MinimumVisualStudioVersion = 10.0.40219.1
Project("{FAE04EC0-301F-11D3-BF4B-00C04F79EFBC}") = "bd_aula", "bd_aula\bd_aula.csproj", "{8ADECF6A-8C6A-4248-B293-CC43DA32D349}"
EndProject
Global
	GlobalSection(SolutionConfigurationPlatforms) = preSolution
		Debug|Any CPU = Debug|Any CPU
		Release|Any CPU = Release|Any CPU
	EndGlobalSection
	GlobalSection(ProjectConfigurationPlatforms) = postSolution
		{8ADECF6A-8C6A-4248-B293-CC43DA32D349}.Debug|Any CPU.ActiveCfg = Debug|Any CPU
		{8ADECF6A-8C6A-4248-B293-CC43DA32D349}.Debug|Any CPU.Build.0 = Debug|Any CPU
		{8ADECF6A-8C6A-4248-B293-CC43DA32D349}.Release|Any CPU.ActiveCfg = Release|Any CPU
		{8ADECF6A-8C6A-4248-B293-CC43DA32D349}.Release|Any CPU.Build.0 = Release|Any CPU
	EndGlobalSection
	GlobalSection(SolutionProperties) = preSolution
		HideSolutionNode = FALSE
	EndGlobalSection
	GlobalSection(ExtensibilityGlobals) = postSolution
		SolutionGuid = {EC7893ED-CFCD-440C-B4D1-3E45C8FA2A83}
	EndGlobalSection
EndGlobal
