
Microsoft Visual Studio Solution File, Format Version 12.00
# Visual Studio Version 17
VisualStudioVersion = 17.11.35208.52
MinimumVisualStudioVersion = 10.0.40219.1
Project("{FAE04EC0-301F-11D3-BF4B-00C04F79EFBC}") = "WinThread", "WinThread\WinThread.csproj", "{F2B92282-E7E4-4C11-A6C8-3756C9966398}"
EndProject
Global
	GlobalSection(SolutionConfigurationPlatforms) = preSolution
		Debug|Any CPU = Debug|Any CPU
		Release|Any CPU = Release|Any CPU
	EndGlobalSection
	GlobalSection(ProjectConfigurationPlatforms) = postSolution
		{F2B92282-E7E4-4C11-A6C8-3756C9966398}.Debug|Any CPU.ActiveCfg = Debug|Any CPU
		{F2B92282-E7E4-4C11-A6C8-3756C9966398}.Debug|Any CPU.Build.0 = Debug|Any CPU
		{F2B92282-E7E4-4C11-A6C8-3756C9966398}.Release|Any CPU.ActiveCfg = Release|Any CPU
		{F2B92282-E7E4-4C11-A6C8-3756C9966398}.Release|Any CPU.Build.0 = Release|Any CPU
	EndGlobalSection
	GlobalSection(SolutionProperties) = preSolution
		HideSolutionNode = FALSE
	EndGlobalSection
	GlobalSection(ExtensibilityGlobals) = postSolution
		SolutionGuid = {96E2BAB0-B629-4AA2-B65C-D0B3E520D2D8}
	EndGlobalSection
EndGlobal
