
Microsoft Visual Studio Solution File, Format Version 12.00
# Visual Studio Version 17
VisualStudioVersion = 17.11.35208.52
MinimumVisualStudioVersion = 10.0.40219.1
Project("{FAE04EC0-301F-11D3-BF4B-00C04F79EFBC}") = "WinDb", "WinDb\WinDb.csproj", "{0E453444-5485-402B-AB94-ACE1F9A036CB}"
EndProject
Global
	GlobalSection(SolutionConfigurationPlatforms) = preSolution
		Debug|Any CPU = Debug|Any CPU
		Release|Any CPU = Release|Any CPU
	EndGlobalSection
	GlobalSection(ProjectConfigurationPlatforms) = postSolution
		{0E453444-5485-402B-AB94-ACE1F9A036CB}.Debug|Any CPU.ActiveCfg = Debug|Any CPU
		{0E453444-5485-402B-AB94-ACE1F9A036CB}.Debug|Any CPU.Build.0 = Debug|Any CPU
		{0E453444-5485-402B-AB94-ACE1F9A036CB}.Release|Any CPU.ActiveCfg = Release|Any CPU
		{0E453444-5485-402B-AB94-ACE1F9A036CB}.Release|Any CPU.Build.0 = Release|Any CPU
	EndGlobalSection
	GlobalSection(SolutionProperties) = preSolution
		HideSolutionNode = FALSE
	EndGlobalSection
	GlobalSection(ExtensibilityGlobals) = postSolution
		SolutionGuid = {A1539D37-B113-4093-BFF2-4193C5B02EFE}
	EndGlobalSection
EndGlobal
